
Microsoft Visual Studio Solution File, Format Version 12.00
# Visual Studio Version 17
VisualStudioVersion = 17.6.33513.286
MinimumVisualStudioVersion = 10.0.40219.1
Project("{9A19103F-16F7-4668-BE54-9A1E7A4F7556}") = "BlazorMaterialSymbols", "BlazorMaterialSymbols.csproj", "{914FE715-494A-41D2-AFA5-A1B75D534C9A}"
EndProject
Global
	GlobalSection(SolutionConfigurationPlatforms) = preSolution
		Debug|Any CPU = Debug|Any CPU
		Release|Any CPU = Release|Any CPU
	EndGlobalSection
	GlobalSection(ProjectConfigurationPlatforms) = postSolution
		{914FE715-494A-41D2-AFA5-A1B75D534C9A}.Debug|Any CPU.ActiveCfg = Debug|Any CPU
		{914FE715-494A-41D2-AFA5-A1B75D534C9A}.Debug|Any CPU.Build.0 = Debug|Any CPU
		{914FE715-494A-41D2-AFA5-A1B75D534C9A}.Release|Any CPU.ActiveCfg = Release|Any CPU
		{914FE715-494A-41D2-AFA5-A1B75D534C9A}.Release|Any CPU.Build.0 = Release|Any CPU
	EndGlobalSection
	GlobalSection(SolutionProperties) = preSolution
		HideSolutionNode = FALSE
	EndGlobalSection
	GlobalSection(ExtensibilityGlobals) = postSolution
		SolutionGuid = {EF0B3E2A-1F16-48CE-8557-976BE97D8902}
	EndGlobalSection
EndGlobal
